
Microsoft Visual Studio Solution File, Format Version 12.00
# Visual Studio Version 16
VisualStudioVersion = 16.0.30320.27
MinimumVisualStudioVersion = 10.0.40219.1
Project("{9A19103F-16F7-4668-BE54-9A1E7A4F7556}") = "TechTask", "TechTask\TechTask.csproj", "{3EA116DD-1B4E-4080-BF20-EE08AF01DB6F}"
EndProject
Project("{9A19103F-16F7-4668-BE54-9A1E7A4F7556}") = "ParserCsv", "ParserCsv\ParserCsv.csproj", "{F56B8272-4570-4409-A518-C8A98BACC740}"
EndProject
Project("{FAE04EC0-301F-11D3-BF4B-00C04F79EFBC}") = "TechTaskTests", "TechTaskTests\TechTaskTests.csproj", "{89E40EBB-08C8-4BEC-AAD2-486F71911B8C}"
EndProject
Global
	GlobalSection(SolutionConfigurationPlatforms) = preSolution
		Debug|Any CPU = Debug|Any CPU
		Release|Any CPU = Release|Any CPU
	EndGlobalSection
	GlobalSection(ProjectConfigurationPlatforms) = postSolution
		{3EA116DD-1B4E-4080-BF20-EE08AF01DB6F}.Debug|Any CPU.ActiveCfg = Debug|Any CPU
		{3EA116DD-1B4E-4080-BF20-EE08AF01DB6F}.Debug|Any CPU.Build.0 = Debug|Any CPU
		{3EA116DD-1B4E-4080-BF20-EE08AF01DB6F}.Release|Any CPU.ActiveCfg = Release|Any CPU
		{3EA116DD-1B4E-4080-BF20-EE08AF01DB6F}.Release|Any CPU.Build.0 = Release|Any CPU
		{F56B8272-4570-4409-A518-C8A98BACC740}.Debug|Any CPU.ActiveCfg = Debug|Any CPU
		{F56B8272-4570-4409-A518-C8A98BACC740}.Debug|Any CPU.Build.0 = Debug|Any CPU
		{F56B8272-4570-4409-A518-C8A98BACC740}.Release|Any CPU.ActiveCfg = Release|Any CPU
		{F56B8272-4570-4409-A518-C8A98BACC740}.Release|Any CPU.Build.0 = Release|Any CPU
		{89E40EBB-08C8-4BEC-AAD2-486F71911B8C}.Debug|Any CPU.ActiveCfg = Debug|Any CPU
		{89E40EBB-08C8-4BEC-AAD2-486F71911B8C}.Debug|Any CPU.Build.0 = Debug|Any CPU
		{89E40EBB-08C8-4BEC-AAD2-486F71911B8C}.Release|Any CPU.ActiveCfg = Release|Any CPU
		{89E40EBB-08C8-4BEC-AAD2-486F71911B8C}.Release|Any CPU.Build.0 = Release|Any CPU
	EndGlobalSection
	GlobalSection(SolutionProperties) = preSolution
		HideSolutionNode = FALSE
	EndGlobalSection
	GlobalSection(ExtensibilityGlobals) = postSolution
		SolutionGuid = {CEFFE477-88E5-4655-AB57-6607C93DCD6A}
	EndGlobalSection
EndGlobal
